
Microsoft Visual Studio Solution File, Format Version 12.00
# Visual Studio Version 16
VisualStudioVersion = 16.0.29609.76
MinimumVisualStudioVersion = 10.0.40219.1
Project("{FAE04EC0-301F-11D3-BF4B-00C04F79EFBC}") = "EdgProDemo", "EdgProDemo\EdgProDemo.csproj", "{66698FF6-533E-49E1-AAD3-7F22206E6737}"
EndProject
Project("{FAE04EC0-301F-11D3-BF4B-00C04F79EFBC}") = "DataAccessLayer", "DataAccessLayer\DataAccessLayer.csproj", "{1F5821F9-1A46-42E9-8EF9-8152F2EF37E6}"
EndProject
Project("{FAE04EC0-301F-11D3-BF4B-00C04F79EFBC}") = "BusinessLayer", "BusinessLayer\BusinessLayer.csproj", "{98DA0A6D-FA78-4CAD-897E-EEFA5BAFDE09}"
EndProject
Global
	GlobalSection(SolutionConfigurationPlatforms) = preSolution
		Debug|Any CPU = Debug|Any CPU
		Release|Any CPU = Release|Any CPU
	EndGlobalSection
	GlobalSection(ProjectConfigurationPlatforms) = postSolution
		{66698FF6-533E-49E1-AAD3-7F22206E6737}.Debug|Any CPU.ActiveCfg = Debug|Any CPU
		{66698FF6-533E-49E1-AAD3-7F22206E6737}.Debug|Any CPU.Build.0 = Debug|Any CPU
		{66698FF6-533E-49E1-AAD3-7F22206E6737}.Release|Any CPU.ActiveCfg = Release|Any CPU
		{66698FF6-533E-49E1-AAD3-7F22206E6737}.Release|Any CPU.Build.0 = Release|Any CPU
		{1F5821F9-1A46-42E9-8EF9-8152F2EF37E6}.Debug|Any CPU.ActiveCfg = Debug|Any CPU
		{1F5821F9-1A46-42E9-8EF9-8152F2EF37E6}.Debug|Any CPU.Build.0 = Debug|Any CPU
		{1F5821F9-1A46-42E9-8EF9-8152F2EF37E6}.Release|Any CPU.ActiveCfg = Release|Any CPU
		{1F5821F9-1A46-42E9-8EF9-8152F2EF37E6}.Release|Any CPU.Build.0 = Release|Any CPU
		{98DA0A6D-FA78-4CAD-897E-EEFA5BAFDE09}.Debug|Any CPU.ActiveCfg = Debug|Any CPU
		{98DA0A6D-FA78-4CAD-897E-EEFA5BAFDE09}.Debug|Any CPU.Build.0 = Debug|Any CPU
		{98DA0A6D-FA78-4CAD-897E-EEFA5BAFDE09}.Release|Any CPU.ActiveCfg = Release|Any CPU
		{98DA0A6D-FA78-4CAD-897E-EEFA5BAFDE09}.Release|Any CPU.Build.0 = Release|Any CPU
	EndGlobalSection
	GlobalSection(SolutionProperties) = preSolution
		HideSolutionNode = FALSE
	EndGlobalSection
	GlobalSection(ExtensibilityGlobals) = postSolution
		SolutionGuid = {40C5DC0B-4D59-4FC6-8B22-54BCF09A924B}
	EndGlobalSection
EndGlobal
